# This file is automatically @generated by Cargo.
# It is not intended for manual editing.
version = 3

[[package]]
name = "lux-crypto"
version = "0.1.0"

[[package]]
name = "lux-crypto-blake3"
version = "0.1.0"

[[package]]
name = "lux-crypto-ed25519"
version = "0.1.0"

[[package]]
name = "lux-crypto-keccak"
version = "0.1.0"

[[package]]
name = "lux-crypto-secp256k1"
version = "0.1.0"

[[package]]
name = "lux-crypto-slhdsa"
version = "0.1.0"
